// !$*UTF8*$!
{
	archiveVersion = 1;
	classes = {
	};
	objectVersion = 46;
	objects = {

/* Begin PBXBuildFile section */
		3A5B07AA707112B7EF43F08B /* Application.swift in Sources */ = {isa = PBXBuildFile; fileRef = 3A5B09A88975B6EBCC836DC5 /* Application.swift */; };
		3A5B0B41C3AA3EBA4FC305B9 /* main.swift in Sources */ = {isa = PBXBuildFile; fileRef = 3A5B08E29417A1E32C1385E0 /* main.swift */; };
		3A5B0F3E8A87F8261D315279 /* ConvertResult.swift in Sources */ = {isa = PBXBuildFile; fileRef = 3A5B068A0D0481457AC12F82 /* ConvertResult.swift */; };
		3A5B0F5D32F4F5B5DBDBC351 /* Input.swift in Sources */ = {isa = PBXBuildFile; fileRef = 3A5B09B3ECCD048530B6F180 /* Input.swift */; };
		3A5B0F656CB5943AF9DC4D16 /* Service.swift in Sources */ = {isa = PBXBuildFile; fileRef = 3A5B014850614E556FF97843 /* Service.swift */; };
/* End PBXBuildFile section */

/* Begin PBXCopyFilesBuildPhase section */
		3A5B02A3E173EAA4E6237DB4 /* CopyFiles */ = {
			isa = PBXCopyFilesBuildPhase;
			buildActionMask = 2147483647;
			dstPath = /usr/share/man/man1/;
			dstSubfolderSpec = 0;
			files = (
			);
			runOnlyForDeploymentPostprocessing = 1;
		};
/* End PBXCopyFilesBuildPhase section */

/* Begin PBXFileReference section */
		3A5B014850614E556FF97843 /* Service.swift */ = {isa = PBXFileReference; fileEncoding = 4; lastKnownFileType = sourcecode.swift; path = Service.swift; sourceTree = "<group>"; };
		3A5B068A0D0481457AC12F82 /* ConvertResult.swift */ = {isa = PBXFileReference; fileEncoding = 4; lastKnownFileType = sourcecode.swift; path = ConvertResult.swift; sourceTree = "<group>"; };
		3A5B08E29417A1E32C1385E0 /* main.swift */ = {isa = PBXFileReference; lastKnownFileType = sourcecode.swift; path = main.swift; sourceTree = "<group>"; };
		3A5B09A88975B6EBCC836DC5 /* Application.swift */ = {isa = PBXFileReference; fileEncoding = 4; lastKnownFileType = sourcecode.swift; path = Application.swift; sourceTree = "<group>"; };
		3A5B09B3ECCD048530B6F180 /* Input.swift */ = {isa = PBXFileReference; fileEncoding = 4; lastKnownFileType = sourcecode.swift; path = Input.swift; sourceTree = "<group>"; };
		3A5B0EA9300C18949607407B /* BugaBuga */ = {isa = PBXFileReference; explicitFileType = "compiled.mach-o.executable"; includeInIndex = 0; path = BugaBuga; sourceTree = BUILT_PRODUCTS_DIR; };
/* End PBXFileReference section */

/* Begin PBXFrameworksBuildPhase section */
		3A5B0FF7B7FBF49033913B57 /* Frameworks */ = {
			isa = PBXFrameworksBuildPhase;
			buildActionMask = 2147483647;
			files = (
			);
			runOnlyForDeploymentPostprocessing = 0;
		};
/* End PBXFrameworksBuildPhase section */

/* Begin PBXGroup section */
		3A5B012BC1AE9C9AFCAF6001 /* Products */ = {
			isa = PBXGroup;
			children = (
				3A5B0EA9300C18949607407B /* BugaBuga */,
			);
			name = Products;
			sourceTree = "<group>";
		};
		3A5B01F1C92274411EB117B1 /* BugaBuga */ = {
			isa = PBXGroup;
			children = (
				3A5B08E29417A1E32C1385E0 /* main.swift */,
				3A5B014850614E556FF97843 /* Service.swift */,
				3A5B09A88975B6EBCC836DC5 /* Application.swift */,
				3A5B068A0D0481457AC12F82 /* ConvertResult.swift */,
				3A5B09B3ECCD048530B6F180 /* Input.swift */,
			);
			path = BugaBuga;
			sourceTree = "<group>";
		};
		3A5B074A0F6F2E1430683B92 = {
			isa = PBXGroup;
			children = (
				3A5B012BC1AE9C9AFCAF6001 /* Products */,
				3A5B01F1C92274411EB117B1 /* BugaBuga */,
			);
			sourceTree = "<group>";
		};
/* End PBXGroup section */

/* Begin PBXNativeTarget section */
		3A5B0011E6BE3018E58DAF15 /* BugaBuga */ = {
			isa = PBXNativeTarget;
			buildConfigurationList = 3A5B044A9A2C8AABA8CA503B /* Build configuration list for PBXNativeTarget "BugaBuga" */;
			buildPhases = (
				3A5B0EA6AD90A2F0872A69A7 /* Sources */,
				3A5B0FF7B7FBF49033913B57 /* Frameworks */,
				3A5B02A3E173EAA4E6237DB4 /* CopyFiles */,
			);
			buildRules = (
			);
			dependencies = (
			);
			name = BugaBuga;
			productName = BugaBuga;
			productReference = 3A5B0EA9300C18949607407B /* BugaBuga */;
			productType = "com.apple.product-type.tool";
		};
/* End PBXNativeTarget section */

/* Begin PBXProject section */
		3A5B02C3E28F35CD10831349 /* Project object */ = {
			isa = PBXProject;
			attributes = {
				ORGANIZATIONNAME = LeftCorporation;
			};
			buildConfigurationList = 3A5B0A125F4CD11B3A274EB0 /* Build configuration list for PBXProject "BugaBuga" */;
			compatibilityVersion = "Xcode 3.2";
			developmentRegion = English;
			hasScannedForEncodings = 0;
			knownRegions = (
				en,
			);
			mainGroup = 3A5B074A0F6F2E1430683B92;
			productRefGroup = 3A5B012BC1AE9C9AFCAF6001 /* Products */;
			projectDirPath = "";
			projectRoot = "";
			targets = (
				3A5B0011E6BE3018E58DAF15 /* BugaBuga */,
			);
		};
/* End PBXProject section */

/* Begin PBXSourcesBuildPhase section */
		3A5B0EA6AD90A2F0872A69A7 /* Sources */ = {
			isa = PBXSourcesBuildPhase;
			buildActionMask = 2147483647;
			files = (
				3A5B0B41C3AA3EBA4FC305B9 /* main.swift in Sources */,
				3A5B0F656CB5943AF9DC4D16 /* Service.swift in Sources */,
				3A5B07AA707112B7EF43F08B /* Application.swift in Sources */,
				3A5B0F3E8A87F8261D315279 /* ConvertResult.swift in Sources */,
				3A5B0F5D32F4F5B5DBDBC351 /* Input.swift in Sources */,
			);
			runOnlyForDeploymentPostprocessing = 0;
		};
/* End PBXSourcesBuildPhase section */

/* Begin XCBuildConfiguration section */
		3A5B082A5E1295F86F76FB75 /* Debug */ = {
			isa = XCBuildConfiguration;
			buildSettings = {
				PRODUCT_NAME = "$(TARGET_NAME)";
				SWIFT_VERSION = 5.0;
			};
			name = Debug;
		};
		3A5B0D39E07153B0D93F7820 /* Debug */ = {
			isa = XCBuildConfiguration;
			buildSettings = {
				ALWAYS_SEARCH_USER_PATHS = NO;
				CLANG_ANALYZER_NONNULL = YES;
				CLANG_ANALYZER_NUMBER_OBJECT_CONVERSION = YES_AGGRESSIVE;
				CLANG_CXX_LANGUAGE_STANDARD = "gnu++14";
				CLANG_CXX_LIBRARY = "libc++";
				CLANG_ENABLE_MODULES = YES;
				CLANG_ENABLE_OBJC_ARC = YES;
				CLANG_ENABLE_OBJC_WEAK = YES;
				CLANG_WARN_BLOCK_CAPTURE_AUTORELEASING = YES;
				CLANG_WARN_BOOL_CONVERSION = YES;
				CLANG_WARN_COMMA = YES;
				CLANG_WARN_CONSTANT_CONVERSION = YES;
				CLANG_WARN_DEPRECATED_OBJC_IMPLEMENTATIONS = YES;
				CLANG_WARN_DIRECT_OBJC_ISA_USAGE = YES_ERROR;
				CLANG_WARN_DOCUMENTATION_COMMENTS = YES;
				CLANG_WARN_EMPTY_BODY = YES;
				CLANG_WARN_ENUM_CONVERSION = YES;
				CLANG_WARN_INFINITE_RECURSION = YES;
				CLANG_WARN_INT_CONVERSION = YES;
				CLANG_WARN_NON_LITERAL_NULL_CONVERSION = YES;
				CLANG_WARN_OBJC_IMPLICIT_RETAIN_SELF = YES;
				CLANG_WARN_OBJC_LITERAL_CONVERSION = YES;
				CLANG_WARN_OBJC_ROOT_CLASS = YES_ERROR;
				CLANG_WARN_RANGE_LOOP_ANALYSIS = YES;
				CLANG_WARN_STRICT_PROTOTYPES = YES;
				CLANG_WARN_SUSPICIOUS_MOVE = YES;
				CLANG_WARN_UNGUARDED_AVAILABILITY = YES_AGGRESSIVE;
				CLANG_WARN_UNREACHABLE_CODE = YES;
				CLANG_WARN__DUPLICATE_METHOD_MATCH = YES;
				COPY_PHASE_STRIP = NO;
				DEBUG_INFORMATION_FORMAT = dwarf;
				ENABLE_STRICT_OBJC_MSGSEND = YES;
				ENABLE_TESTABILITY = YES;
				GCC_C_LANGUAGE_STANDARD = gnu11;
				GCC_DYNAMIC_NO_PIC = NO;
				GCC_NO_COMMON_BLOCKS = YES;
				GCC_OPTIMIZATION_LEVEL = 0;
				GCC_PREPROCESSOR_DEFINITIONS = (
					"DEBUG=1",
					"$(inherited)",
				);
				GCC_WARN_64_TO_32_BIT_CONVERSION = YES;
				GCC_WARN_ABOUT_RETURN_TYPE = YES_ERROR;
				GCC_WARN_UNDECLARED_SELECTOR = YES;
				GCC_WARN_UNINITIALIZED_AUTOS = YES_AGGRESSIVE;
				GCC_WARN_UNUSED_FUNCTION = YES;
				GCC_WARN_UNUSED_VARIABLE = YES;
				MACOSX_DEPLOYMENT_TARGET = 10.15;
				MTL_ENABLE_DEBUG_INFO = INCLUDE_SOURCE;
				MTL_FAST_MATH = YES;
				ONLY_ACTIVE_ARCH = YES;
				SDKROOT = macosx;
				SWIFT_ACTIVE_COMPILATION_CONDITIONS = DEBUG;
				SWIFT_OPTIMIZATION_LEVEL = "-Onone";
			};
			name = Debug;
		};
		3A5B0E1209B33A2298765F37 /* Release */ = {
			isa = XCBuildConfiguration;
			buildSettings = {
				ALWAYS_SEARCH_USER_PATHS = NO;
				CLANG_ANALYZER_NONNULL = YES;
				CLANG_ANALYZER_NUMBER_OBJECT_CONVERSION = YES_AGGRESSIVE;
				CLANG_CXX_LANGUAGE_STANDARD = "gnu++14";
				CLANG_CXX_LIBRARY = "libc++";
				CLANG_ENABLE_MODULES = YES;
				CLANG_ENABLE_OBJC_ARC = YES;
				CLANG_ENABLE_OBJC_WEAK = YES;
				CLANG_WARN_BLOCK_CAPTURE_AUTORELEASING = YES;
				CLANG_WARN_BOOL_CONVERSION = YES;
				CLANG_WARN_COMMA = YES;
				CLANG_WARN_CONSTANT_CONVERSION = YES;
				CLANG_WARN_DEPRECATED_OBJC_IMPLEMENTATIONS = YES;
				CLANG_WARN_DIRECT_OBJC_ISA_USAGE = YES_ERROR;
				CLANG_WARN_DOCUMENTATION_COMMENTS = YES;
				CLANG_WARN_EMPTY_BODY = YES;
				CLANG_WARN_ENUM_CONVERSION = YES;
				CLANG_WARN_INFINITE_RECURSION = YES;
				CLANG_WARN_INT_CONVERSION = YES;
				CLANG_WARN_NON_LITERAL_NULL_CONVERSION = YES;
				CLANG_WARN_OBJC_IMPLICIT_RETAIN_SELF = YES;
				CLANG_WARN_OBJC_LITERAL_CONVERSION = YES;
				CLANG_WARN_OBJC_ROOT_CLASS = YES_ERROR;
				CLANG_WARN_RANGE_LOOP_ANALYSIS = YES;
				CLANG_WARN_STRICT_PROTOTYPES = YES;
				CLANG_WARN_SUSPICIOUS_MOVE = YES;
				CLANG_WARN_UNGUARDED_AVAILABILITY = YES_AGGRESSIVE;
				CLANG_WARN_UNREACHABLE_CODE = YES;
				CLANG_WARN__DUPLICATE_METHOD_MATCH = YES;
				COPY_PHASE_STRIP = NO;
				DEBUG_INFORMATION_FORMAT = "dwarf-with-dsym";
				ENABLE_NS_ASSERTIONS = NO;
				ENABLE_STRICT_OBJC_MSGSEND = YES;
				GCC_C_LANGUAGE_STANDARD = gnu11;
				GCC_NO_COMMON_BLOCKS = YES;
				GCC_WARN_64_TO_32_BIT_CONVERSION = YES;
				GCC_WARN_ABOUT_RETURN_TYPE = YES_ERROR;
				GCC_WARN_UNDECLARED_SELECTOR = YES;
				GCC_WARN_UNINITIALIZED_AUTOS = YES_AGGRESSIVE;
				GCC_WARN_UNUSED_FUNCTION = YES;
				GCC_WARN_UNUSED_VARIABLE = YES;
				MACOSX_DEPLOYMENT_TARGET = 10.15;
				MTL_ENABLE_DEBUG_INFO = NO;
				MTL_FAST_MATH = YES;
				SDKROOT = macosx;
				SWIFT_COMPILATION_MODE = wholemodule;
				SWIFT_OPTIMIZATION_LEVEL = "-O";
			};
			name = Release;
		};
		3A5B0F0C88DBC173E7AB1D8D /* Release */ = {
			isa = XCBuildConfiguration;
			buildSettings = {
				PRODUCT_NAME = "$(TARGET_NAME)";
				SWIFT_VERSION = 5.0;
			};
			name = Release;
		};
/* End XCBuildConfiguration section */

/* Begin XCConfigurationList section */
		3A5B044A9A2C8AABA8CA503B /* Build configuration list for PBXNativeTarget "BugaBuga" */ = {
			isa = XCConfigurationList;
			buildConfigurations = (
				3A5B082A5E1295F86F76FB75 /* Debug */,
				3A5B0F0C88DBC173E7AB1D8D /* Release */,
			);
			defaultConfigurationIsVisible = 0;
		};
		3A5B0A125F4CD11B3A274EB0 /* Build configuration list for PBXProject "BugaBuga" */ = {
			isa = XCConfigurationList;
			buildConfigurations = (
				3A5B0D39E07153B0D93F7820 /* Debug */,
				3A5B0E1209B33A2298765F37 /* Release */,
			);
			defaultConfigurationIsVisible = 0;
			defaultConfigurationName = Release;
		};
/* End XCConfigurationList section */
	};
	rootObject = 3A5B02C3E28F35CD10831349 /* Project object */;
}
